// !$*UTF8*$!
{
	archiveVersion = 1;
	classes = {
	};
	objectVersion = 56;
	objects = {

/* Begin PBXBuildFile section */
		B42C6BE72AA7609D00BC9829 /* BikeFinderApp.swift in Sources */ = {isa = PBXBuildFile; fileRef = B42C6BE62AA7609D00BC9829 /* BikeFinderApp.swift */; };
		B42C6BE92AA7609D00BC9829 /* ContentView.swift in Sources */ = {isa = PBXBuildFile; fileRef = B42C6BE82AA7609D00BC9829 /* ContentView.swift */; };
		B42C6BEB2AA7609F00BC9829 /* Assets.xcassets in Resources */ = {isa = PBXBuildFile; fileRef = B42C6BEA2AA7609F00BC9829 /* Assets.xcassets */; };
		B42C6BEE2AA7609F00BC9829 /* Preview Assets.xcassets in Resources */ = {isa = PBXBuildFile; fileRef = B42C6BED2AA7609F00BC9829 /* Preview Assets.xcassets */; };
		B42C6BF82AA7609F00BC9829 /* BikeFinderTests.swift in Sources */ = {isa = PBXBuildFile; fileRef = B42C6BF72AA7609F00BC9829 /* BikeFinderTests.swift */; };
		B42C6C022AA7609F00BC9829 /* BikeFinderUITests.swift in Sources */ = {isa = PBXBuildFile; fileRef = B42C6C012AA7609F00BC9829 /* BikeFinderUITests.swift */; };
		B42C6C042AA7609F00BC9829 /* BikeFinderUITestsLaunchTests.swift in Sources */ = {isa = PBXBuildFile; fileRef = B42C6C032AA7609F00BC9829 /* BikeFinderUITestsLaunchTests.swift */; };
		B4AAE89D2AA86C930015722C /* GoogleService-Info.plist in Resources */ = {isa = PBXBuildFile; fileRef = B4AAE89C2AA86C920015722C /* GoogleService-Info.plist */; };
		B4BBC3D52AAF2C6E00ED444B /* LoginView.swift in Sources */ = {isa = PBXBuildFile; fileRef = B4BBC3D42AAF2C6E00ED444B /* LoginView.swift */; };
		B4E5B1B52AA9C3BF0042F48A /* FirebaseAnalytics in Frameworks */ = {isa = PBXBuildFile; productRef = B4E5B1B42AA9C3BF0042F48A /* FirebaseAnalytics */; };
		B4E5B1B72AA9C3BF0042F48A /* FirebaseAuth in Frameworks */ = {isa = PBXBuildFile; productRef = B4E5B1B62AA9C3BF0042F48A /* FirebaseAuth */; };
		B4E5B1B92AA9C3BF0042F48A /* FirebaseCrashlytics in Frameworks */ = {isa = PBXBuildFile; productRef = B4E5B1B82AA9C3BF0042F48A /* FirebaseCrashlytics */; };
		B4E5B1BB2AA9C3BF0042F48A /* FirebaseFirestore in Frameworks */ = {isa = PBXBuildFile; productRef = B4E5B1BA2AA9C3BF0042F48A /* FirebaseFirestore */; };
		B4E5B1BD2AA9E6840042F48A /* AuthViewModel.swift in Sources */ = {isa = PBXBuildFile; fileRef = B4E5B1BC2AA9E6840042F48A /* AuthViewModel.swift */; };
		B4E5B1BF2AA9E9450042F48A /* SignUpView.swift in Sources */ = {isa = PBXBuildFile; fileRef = B4E5B1BE2AA9E9450042F48A /* SignUpView.swift */; };
		B4E5B1C12AA9E96F0042F48A /* MainView.swift in Sources */ = {isa = PBXBuildFile; fileRef = B4E5B1C02AA9E96F0042F48A /* MainView.swift */; };
/* End PBXBuildFile section */

/* Begin PBXContainerItemProxy section */
		B42C6BF42AA7609F00BC9829 /* PBXContainerItemProxy */ = {
			isa = PBXContainerItemProxy;
			containerPortal = B42C6BDB2AA7609D00BC9829 /* Project object */;
			proxyType = 1;
			remoteGlobalIDString = B42C6BE22AA7609D00BC9829;
			remoteInfo = BikeFinder;
		};
		B42C6BFE2AA7609F00BC9829 /* PBXContainerItemProxy */ = {
			isa = PBXContainerItemProxy;
			containerPortal = B42C6BDB2AA7609D00BC9829 /* Project object */;
			proxyType = 1;
			remoteGlobalIDString = B42C6BE22AA7609D00BC9829;
			remoteInfo = BikeFinder;
		};
/* End PBXContainerItemProxy section */

/* Begin PBXFileReference section */
		B42C6BE32AA7609D00BC9829 /* BikeFinder.app */ = {isa = PBXFileReference; explicitFileType = wrapper.application; includeInIndex = 0; path = BikeFinder.app; sourceTree = BUILT_PRODUCTS_DIR; };
		B42C6BE62AA7609D00BC9829 /* BikeFinderApp.swift */ = {isa = PBXFileReference; lastKnownFileType = sourcecode.swift; path = BikeFinderApp.swift; sourceTree = "<group>"; };
		B42C6BE82AA7609D00BC9829 /* ContentView.swift */ = {isa = PBXFileReference; lastKnownFileType = sourcecode.swift; path = ContentView.swift; sourceTree = "<group>"; };
		B42C6BEA2AA7609F00BC9829 /* Assets.xcassets */ = {isa = PBXFileReference; lastKnownFileType = folder.assetcatalog; path = Assets.xcassets; sourceTree = "<group>"; };
		B42C6BED2AA7609F00BC9829 /* Preview Assets.xcassets */ = {isa = PBXFileReference; lastKnownFileType = folder.assetcatalog; path = "Preview Assets.xcassets"; sourceTree = "<group>"; };
		B42C6BF32AA7609F00BC9829 /* BikeFinderTests.xctest */ = {isa = PBXFileReference; explicitFileType = wrapper.cfbundle; includeInIndex = 0; path = BikeFinderTests.xctest; sourceTree = BUILT_PRODUCTS_DIR; };
		B42C6BF72AA7609F00BC9829 /* BikeFinderTests.swift */ = {isa = PBXFileReference; lastKnownFileType = sourcecode.swift; path = BikeFinderTests.swift; sourceTree = "<group>"; };
		B42C6BFD2AA7609F00BC9829 /* BikeFinderUITests.xctest */ = {isa = PBXFileReference; explicitFileType = wrapper.cfbundle; includeInIndex = 0; path = BikeFinderUITests.xctest; sourceTree = BUILT_PRODUCTS_DIR; };
		B42C6C012AA7609F00BC9829 /* BikeFinderUITests.swift */ = {isa = PBXFileReference; lastKnownFileType = sourcecode.swift; path = BikeFinderUITests.swift; sourceTree = "<group>"; };
		B42C6C032AA7609F00BC9829 /* BikeFinderUITestsLaunchTests.swift */ = {isa = PBXFileReference; lastKnownFileType = sourcecode.swift; path = BikeFinderUITestsLaunchTests.swift; sourceTree = "<group>"; };
		B4AAE89C2AA86C920015722C /* GoogleService-Info.plist */ = {isa = PBXFileReference; fileEncoding = 4; lastKnownFileType = text.plist.xml; name = "GoogleService-Info.plist"; path = "../../../Downloads/GoogleService-Info.plist"; sourceTree = "<group>"; };
		B4BBC3D42AAF2C6E00ED444B /* LoginView.swift */ = {isa = PBXFileReference; lastKnownFileType = sourcecode.swift; path = LoginView.swift; sourceTree = "<group>"; };
		B4E5B1BC2AA9E6840042F48A /* AuthViewModel.swift */ = {isa = PBXFileReference; lastKnownFileType = sourcecode.swift; path = AuthViewModel.swift; sourceTree = "<group>"; };
		B4E5B1BE2AA9E9450042F48A /* SignUpView.swift */ = {isa = PBXFileReference; lastKnownFileType = sourcecode.swift; path = SignUpView.swift; sourceTree = "<group>"; };
		B4E5B1C02AA9E96F0042F48A /* MainView.swift */ = {isa = PBXFileReference; lastKnownFileType = sourcecode.swift; path = MainView.swift; sourceTree = "<group>"; };
/* End PBXFileReference section */

/* Begin PBXFrameworksBuildPhase section */
		B42C6BE02AA7609D00BC9829 /* Frameworks */ = {
			isa = PBXFrameworksBuildPhase;
			buildActionMask = 2147483647;
			files = (
				B4E5B1B92AA9C3BF0042F48A /* FirebaseCrashlytics in Frameworks */,
				B4E5B1BB2AA9C3BF0042F48A /* FirebaseFirestore in Frameworks */,
				B4E5B1B52AA9C3BF0042F48A /* FirebaseAnalytics in Frameworks */,
				B4E5B1B72AA9C3BF0042F48A /* FirebaseAuth in Frameworks */,
			);
			runOnlyForDeploymentPostprocessing = 0;
		};
		B42C6BF02AA7609F00BC9829 /* Frameworks */ = {
			isa = PBXFrameworksBuildPhase;
			buildActionMask = 2147483647;
			files = (
			);
			runOnlyForDeploymentPostprocessing = 0;
		};
		B42C6BFA2AA7609F00BC9829 /* Frameworks */ = {
			isa = PBXFrameworksBuildPhase;
			buildActionMask = 2147483647;
			files = (
			);
			runOnlyForDeploymentPostprocessing = 0;
		};
/* End PBXFrameworksBuildPhase section */

/* Begin PBXGroup section */
		B42C6BDA2AA7609D00BC9829 = {
			isa = PBXGroup;
			children = (
				B42C6BE52AA7609D00BC9829 /* BikeFinder */,
				B42C6BF62AA7609F00BC9829 /* BikeFinderTests */,
				B42C6C002AA7609F00BC9829 /* BikeFinderUITests */,
				B42C6BE42AA7609D00BC9829 /* Products */,
			);
			sourceTree = "<group>";
		};
		B42C6BE42AA7609D00BC9829 /* Products */ = {
			isa = PBXGroup;
			children = (
				B42C6BE32AA7609D00BC9829 /* BikeFinder.app */,
				B42C6BF32AA7609F00BC9829 /* BikeFinderTests.xctest */,
				B42C6BFD2AA7609F00BC9829 /* BikeFinderUITests.xctest */,
			);
			name = Products;
			sourceTree = "<group>";
		};
		B42C6BE52AA7609D00BC9829 /* BikeFinder */ = {
			isa = PBXGroup;
			children = (
				B4AAE89C2AA86C920015722C /* GoogleService-Info.plist */,
				B42C6BE62AA7609D00BC9829 /* BikeFinderApp.swift */,
				B42C6BE82AA7609D00BC9829 /* ContentView.swift */,
				B42C6BEA2AA7609F00BC9829 /* Assets.xcassets */,
				B42C6BEC2AA7609F00BC9829 /* Preview Content */,
				B4E5B1BC2AA9E6840042F48A /* AuthViewModel.swift */,
				B4E5B1BE2AA9E9450042F48A /* SignUpView.swift */,
				B4E5B1C02AA9E96F0042F48A /* MainView.swift */,
				B4BBC3D42AAF2C6E00ED444B /* LoginView.swift */,
			);
			path = BikeFinder;
			sourceTree = "<group>";
		};
		B42C6BEC2AA7609F00BC9829 /* Preview Content */ = {
			isa = PBXGroup;
			children = (
				B42C6BED2AA7609F00BC9829 /* Preview Assets.xcassets */,
			);
			path = "Preview Content";
			sourceTree = "<group>";
		};
		B42C6BF62AA7609F00BC9829 /* BikeFinderTests */ = {
			isa = PBXGroup;
			children = (
				B42C6BF72AA7609F00BC9829 /* BikeFinderTests.swift */,
			);
			path = BikeFinderTests;
			sourceTree = "<group>";
		};
		B42C6C002AA7609F00BC9829 /* BikeFinderUITests */ = {
			isa = PBXGroup;
			children = (
				B42C6C012AA7609F00BC9829 /* BikeFinderUITests.swift */,
				B42C6C032AA7609F00BC9829 /* BikeFinderUITestsLaunchTests.swift */,
			);
			path = BikeFinderUITests;
			sourceTree = "<group>";
		};
/* End PBXGroup section */

/* Begin PBXNativeTarget section */
		B42C6BE22AA7609D00BC9829 /* BikeFinder */ = {
			isa = PBXNativeTarget;
			buildConfigurationList = B42C6C072AA7609F00BC9829 /* Build configuration list for PBXNativeTarget "BikeFinder" */;
			buildPhases = (
				B42C6BDF2AA7609D00BC9829 /* Sources */,
				B42C6BE02AA7609D00BC9829 /* Frameworks */,
				B42C6BE12AA7609D00BC9829 /* Resources */,
			);
			buildRules = (
			);
			dependencies = (
			);
			name = BikeFinder;
			packageProductDependencies = (
				B4E5B1B42AA9C3BF0042F48A /* FirebaseAnalytics */,
				B4E5B1B62AA9C3BF0042F48A /* FirebaseAuth */,
				B4E5B1B82AA9C3BF0042F48A /* FirebaseCrashlytics */,
				B4E5B1BA2AA9C3BF0042F48A /* FirebaseFirestore */,
			);
			productName = BikeFinder;
			productReference = B42C6BE32AA7609D00BC9829 /* BikeFinder.app */;
			productType = "com.apple.product-type.application";
		};
		B42C6BF22AA7609F00BC9829 /* BikeFinderTests */ = {
			isa = PBXNativeTarget;
			buildConfigurationList = B42C6C0A2AA7609F00BC9829 /* Build configuration list for PBXNativeTarget "BikeFinderTests" */;
			buildPhases = (
				B42C6BEF2AA7609F00BC9829 /* Sources */,
				B42C6BF02AA7609F00BC9829 /* Frameworks */,
				B42C6BF12AA7609F00BC9829 /* Resources */,
			);
			buildRules = (
			);
			dependencies = (
				B42C6BF52AA7609F00BC9829 /* PBXTargetDependency */,
			);
			name = BikeFinderTests;
			productName = BikeFinderTests;
			productReference = B42C6BF32AA7609F00BC9829 /* BikeFinderTests.xctest */;
			productType = "com.apple.product-type.bundle.unit-test";
		};
		B42C6BFC2AA7609F00BC9829 /* BikeFinderUITests */ = {
			isa = PBXNativeTarget;
			buildConfigurationList = B42C6C0D2AA7609F00BC9829 /* Build configuration list for PBXNativeTarget "BikeFinderUITests" */;
			buildPhases = (
				B42C6BF92AA7609F00BC9829 /* Sources */,
				B42C6BFA2AA7609F00BC9829 /* Frameworks */,
				B42C6BFB2AA7609F00BC9829 /* Resources */,
			);
			buildRules = (
			);
			dependencies = (
				B42C6BFF2AA7609F00BC9829 /* PBXTargetDependency */,
			);
			name = BikeFinderUITests;
			productName = BikeFinderUITests;
			productReference = B42C6BFD2AA7609F00BC9829 /* BikeFinderUITests.xctest */;
			productType = "com.apple.product-type.bundle.ui-testing";
		};
/* End PBXNativeTarget section */

/* Begin PBXProject section */
		B42C6BDB2AA7609D00BC9829 /* Project object */ = {
			isa = PBXProject;
			attributes = {
				BuildIndependentTargetsInParallel = 1;
				LastSwiftUpdateCheck = 1430;
				LastUpgradeCheck = 1430;
				TargetAttributes = {
					B42C6BE22AA7609D00BC9829 = {
						CreatedOnToolsVersion = 14.3.1;
					};
					B42C6BF22AA7609F00BC9829 = {
						CreatedOnToolsVersion = 14.3.1;
						TestTargetID = B42C6BE22AA7609D00BC9829;
					};
					B42C6BFC2AA7609F00BC9829 = {
						CreatedOnToolsVersion = 14.3.1;
						TestTargetID = B42C6BE22AA7609D00BC9829;
					};
				};
			};
			buildConfigurationList = B42C6BDE2AA7609D00BC9829 /* Build configuration list for PBXProject "BikeFinder" */;
			compatibilityVersion = "Xcode 14.0";
			developmentRegion = en;
			hasScannedForEncodings = 0;
			knownRegions = (
				en,
				Base,
			);
			mainGroup = B42C6BDA2AA7609D00BC9829;
			packageReferences = (
				B4E5B1B32AA9C3BF0042F48A /* XCRemoteSwiftPackageReference "firebase-ios-sdk" */,
			);
			productRefGroup = B42C6BE42AA7609D00BC9829 /* Products */;
			projectDirPath = "";
			projectRoot = "";
			targets = (
				B42C6BE22AA7609D00BC9829 /* BikeFinder */,
				B42C6BF22AA7609F00BC9829 /* BikeFinderTests */,
				B42C6BFC2AA7609F00BC9829 /* BikeFinderUITests */,
			);
		};
/* End PBXProject section */

/* Begin PBXResourcesBuildPhase section */
		B42C6BE12AA7609D00BC9829 /* Resources */ = {
			isa = PBXResourcesBuildPhase;
			buildActionMask = 2147483647;
			files = (
				B42C6BEE2AA7609F00BC9829 /* Preview Assets.xcassets in Resources */,
				B42C6BEB2AA7609F00BC9829 /* Assets.xcassets in Resources */,
				B4AAE89D2AA86C930015722C /* GoogleService-Info.plist in Resources */,
			);
			runOnlyForDeploymentPostprocessing = 0;
		};
		B42C6BF12AA7609F00BC9829 /* Resources */ = {
			isa = PBXResourcesBuildPhase;
			buildActionMask = 2147483647;
			files = (
			);
			runOnlyForDeploymentPostprocessing = 0;
		};
		B42C6BFB2AA7609F00BC9829 /* Resources */ = {
			isa = PBXResourcesBuildPhase;
			buildActionMask = 2147483647;
			files = (
			);
			runOnlyForDeploymentPostprocessing = 0;
		};
/* End PBXResourcesBuildPhase section */

/* Begin PBXSourcesBuildPhase section */
		B42C6BDF2AA7609D00BC9829 /* Sources */ = {
			isa = PBXSourcesBuildPhase;
			buildActionMask = 2147483647;
			files = (
				B4BBC3D52AAF2C6E00ED444B /* LoginView.swift in Sources */,
				B4E5B1BF2AA9E9450042F48A /* SignUpView.swift in Sources */,
				B42C6BE92AA7609D00BC9829 /* ContentView.swift in Sources */,
				B42C6BE72AA7609D00BC9829 /* BikeFinderApp.swift in Sources */,
				B4E5B1C12AA9E96F0042F48A /* MainView.swift in Sources */,
				B4E5B1BD2AA9E6840042F48A /* AuthViewModel.swift in Sources */,
			);
			runOnlyForDeploymentPostprocessing = 0;
		};
		B42C6BEF2AA7609F00BC9829 /* Sources */ = {
			isa = PBXSourcesBuildPhase;
			buildActionMask = 2147483647;
			files = (
				B42C6BF82AA7609F00BC9829 /* BikeFinderTests.swift in Sources */,
			);
			runOnlyForDeploymentPostprocessing = 0;
		};
		B42C6BF92AA7609F00BC9829 /* Sources */ = {
			isa = PBXSourcesBuildPhase;
			buildActionMask = 2147483647;
			files = (
				B42C6C022AA7609F00BC9829 /* BikeFinderUITests.swift in Sources */,
				B42C6C042AA7609F00BC9829 /* BikeFinderUITestsLaunchTests.swift in Sources */,
			);
			runOnlyForDeploymentPostprocessing = 0;
		};
/* End PBXSourcesBuildPhase section */

/* Begin PBXTargetDependency section */
		B42C6BF52AA7609F00BC9829 /* PBXTargetDependency */ = {
			isa = PBXTargetDependency;
			target = B42C6BE22AA7609D00BC9829 /* BikeFinder */;
			targetProxy = B42C6BF42AA7609F00BC9829 /* PBXContainerItemProxy */;
		};
		B42C6BFF2AA7609F00BC9829 /* PBXTargetDependency */ = {
			isa = PBXTargetDependency;
			target = B42C6BE22AA7609D00BC9829 /* BikeFinder */;
			targetProxy = B42C6BFE2AA7609F00BC9829 /* PBXContainerItemProxy */;
		};
/* End PBXTargetDependency section */

/* Begin XCBuildConfiguration section */
		B42C6C052AA7609F00BC9829 /* Debug */ = {
			isa = XCBuildConfiguration;
			buildSettings = {
				ALWAYS_SEARCH_USER_PATHS = NO;
				CLANG_ANALYZER_NONNULL = YES;
				CLANG_ANALYZER_NUMBER_OBJECT_CONVERSION = YES_AGGRESSIVE;
				CLANG_CXX_LANGUAGE_STANDARD = "gnu++20";
				CLANG_ENABLE_MODULES = YES;
				CLANG_ENABLE_OBJC_ARC = YES;
				CLANG_ENABLE_OBJC_WEAK = YES;
				CLANG_WARN_BLOCK_CAPTURE_AUTORELEASING = YES;
				CLANG_WARN_BOOL_CONVERSION = YES;
				CLANG_WARN_COMMA = YES;
				CLANG_WARN_CONSTANT_CONVERSION = YES;
				CLANG_WARN_DEPRECATED_OBJC_IMPLEMENTATIONS = YES;
				CLANG_WARN_DIRECT_OBJC_ISA_USAGE = YES_ERROR;
				CLANG_WARN_DOCUMENTATION_COMMENTS = YES;
				CLANG_WARN_EMPTY_BODY = YES;
				CLANG_WARN_ENUM_CONVERSION = YES;
				CLANG_WARN_INFINITE_RECURSION = YES;
				CLANG_WARN_INT_CONVERSION = YES;
				CLANG_WARN_NON_LITERAL_NULL_CONVERSION = YES;
				CLANG_WARN_OBJC_IMPLICIT_RETAIN_SELF = YES;
				CLANG_WARN_OBJC_LITERAL_CONVERSION = YES;
				CLANG_WARN_OBJC_ROOT_CLASS = YES_ERROR;
				CLANG_WARN_QUOTED_INCLUDE_IN_FRAMEWORK_HEADER = YES;
				CLANG_WARN_RANGE_LOOP_ANALYSIS = YES;
				CLANG_WARN_STRICT_PROTOTYPES = YES;
				CLANG_WARN_SUSPICIOUS_MOVE = YES;
				CLANG_WARN_UNGUARDED_AVAILABILITY = YES_AGGRESSIVE;
				CLANG_WARN_UNREACHABLE_CODE = YES;
				CLANG_WARN__DUPLICATE_METHOD_MATCH = YES;
				COPY_PHASE_STRIP = NO;
				DEBUG_INFORMATION_FORMAT = dwarf;
				ENABLE_STRICT_OBJC_MSGSEND = YES;
				ENABLE_TESTABILITY = YES;
				GCC_C_LANGUAGE_STANDARD = gnu11;
				GCC_DYNAMIC_NO_PIC = NO;
				GCC_NO_COMMON_BLOCKS = YES;
				GCC_OPTIMIZATION_LEVEL = 0;
				GCC_PREPROCESSOR_DEFINITIONS = (
					"DEBUG=1",
					"$(inherited)",
				);
				GCC_WARN_64_TO_32_BIT_CONVERSION = YES;
				GCC_WARN_ABOUT_RETURN_TYPE = YES_ERROR;
				GCC_WARN_UNDECLARED_SELECTOR = YES;
				GCC_WARN_UNINITIALIZED_AUTOS = YES_AGGRESSIVE;
				GCC_WARN_UNUSED_FUNCTION = YES;
				GCC_WARN_UNUSED_VARIABLE = YES;
				IPHONEOS_DEPLOYMENT_TARGET = 16.4;
				MTL_ENABLE_DEBUG_INFO = INCLUDE_SOURCE;
				MTL_FAST_MATH = YES;
				ONLY_ACTIVE_ARCH = YES;
				SDKROOT = iphoneos;
				SWIFT_ACTIVE_COMPILATION_CONDITIONS = DEBUG;
				SWIFT_OPTIMIZATION_LEVEL = "-Onone";
			};
			name = Debug;
		};
		B42C6C062AA7609F00BC9829 /* Release */ = {
			isa = XCBuildConfiguration;
			buildSettings = {
				ALWAYS_SEARCH_USER_PATHS = NO;
				CLANG_ANALYZER_NONNULL = YES;
				CLANG_ANALYZER_NUMBER_OBJECT_CONVERSION = YES_AGGRESSIVE;
				CLANG_CXX_LANGUAGE_STANDARD = "gnu++20";
				CLANG_ENABLE_MODULES = YES;
				CLANG_ENABLE_OBJC_ARC = YES;
				CLANG_ENABLE_OBJC_WEAK = YES;
				CLANG_WARN_BLOCK_CAPTURE_AUTORELEASING = YES;
				CLANG_WARN_BOOL_CONVERSION = YES;
				CLANG_WARN_COMMA = YES;
				CLANG_WARN_CONSTANT_CONVERSION = YES;
				CLANG_WARN_DEPRECATED_OBJC_IMPLEMENTATIONS = YES;
				CLANG_WARN_DIRECT_OBJC_ISA_USAGE = YES_ERROR;
				CLANG_WARN_DOCUMENTATION_COMMENTS = YES;
				CLANG_WARN_EMPTY_BODY = YES;
				CLANG_WARN_ENUM_CONVERSION = YES;
				CLANG_WARN_INFINITE_RECURSION = YES;
				CLANG_WARN_INT_CONVERSION = YES;
				CLANG_WARN_NON_LITERAL_NULL_CONVERSION = YES;
				CLANG_WARN_OBJC_IMPLICIT_RETAIN_SELF = YES;
				CLANG_WARN_OBJC_LITERAL_CONVERSION = YES;
				CLANG_WARN_OBJC_ROOT_CLASS = YES_ERROR;
				CLANG_WARN_QUOTED_INCLUDE_IN_FRAMEWORK_HEADER = YES;
				CLANG_WARN_RANGE_LOOP_ANALYSIS = YES;
				CLANG_WARN_STRICT_PROTOTYPES = YES;
				CLANG_WARN_SUSPICIOUS_MOVE = YES;
				CLANG_WARN_UNGUARDED_AVAILABILITY = YES_AGGRESSIVE;
				CLANG_WARN_UNREACHABLE_CODE = YES;
				CLANG_WARN__DUPLICATE_METHOD_MATCH = YES;
				COPY_PHASE_STRIP = NO;
				DEBUG_INFORMATION_FORMAT = "dwarf-with-dsym";
				ENABLE_NS_ASSERTIONS = NO;
				ENABLE_STRICT_OBJC_MSGSEND = YES;
				GCC_C_LANGUAGE_STANDARD = gnu11;
				GCC_NO_COMMON_BLOCKS = YES;
				GCC_WARN_64_TO_32_BIT_CONVERSION = YES;
				GCC_WARN_ABOUT_RETURN_TYPE = YES_ERROR;
				GCC_WARN_UNDECLARED_SELECTOR = YES;
				GCC_WARN_UNINITIALIZED_AUTOS = YES_AGGRESSIVE;
				GCC_WARN_UNUSED_FUNCTION = YES;
				GCC_WARN_UNUSED_VARIABLE = YES;
				IPHONEOS_DEPLOYMENT_TARGET = 16.4;
				MTL_ENABLE_DEBUG_INFO = NO;
				MTL_FAST_MATH = YES;
				SDKROOT = iphoneos;
				SWIFT_COMPILATION_MODE = wholemodule;
				SWIFT_OPTIMIZATION_LEVEL = "-O";
				VALIDATE_PRODUCT = YES;
			};
			name = Release;
		};
		B42C6C082AA7609F00BC9829 /* Debug */ = {
			isa = XCBuildConfiguration;
			buildSettings = {
				ASSETCATALOG_COMPILER_APPICON_NAME = AppIcon;
				ASSETCATALOG_COMPILER_GLOBAL_ACCENT_COLOR_NAME = AccentColor;
				CODE_SIGN_STYLE = Automatic;
				CURRENT_PROJECT_VERSION = 1;
				DEVELOPMENT_ASSET_PATHS = "\"BikeFinder/Preview Content\"";
				ENABLE_PREVIEWS = YES;
				GENERATE_INFOPLIST_FILE = YES;
				INFOPLIST_KEY_UIApplicationSceneManifest_Generation = YES;
				INFOPLIST_KEY_UIApplicationSupportsIndirectInputEvents = YES;
				INFOPLIST_KEY_UILaunchScreen_Generation = YES;
				INFOPLIST_KEY_UISupportedInterfaceOrientations_iPad = "UIInterfaceOrientationPortrait UIInterfaceOrientationPortraitUpsideDown UIInterfaceOrientationLandscapeLeft UIInterfaceOrientationLandscapeRight";
				INFOPLIST_KEY_UISupportedInterfaceOrientations_iPhone = "UIInterfaceOrientationPortrait UIInterfaceOrientationLandscapeLeft UIInterfaceOrientationLandscapeRight";
				LD_RUNPATH_SEARCH_PATHS = (
					"$(inherited)",
					"@executable_path/Frameworks",
				);
				MARKETING_VERSION = 1.0;
				PRODUCT_BUNDLE_IDENTIFIER = com.Ju.BikeFinder;
				PRODUCT_NAME = "$(TARGET_NAME)";
				SWIFT_EMIT_LOC_STRINGS = YES;
				SWIFT_VERSION = 5.0;
				TARGETED_DEVICE_FAMILY = "1,2";
			};
			name = Debug;
		};
		B42C6C092AA7609F00BC9829 /* Release */ = {
			isa = XCBuildConfiguration;
			buildSettings = {
				ASSETCATALOG_COMPILER_APPICON_NAME = AppIcon;
				ASSETCATALOG_COMPILER_GLOBAL_ACCENT_COLOR_NAME = AccentColor;
				CODE_SIGN_STYLE = Automatic;
				CURRENT_PROJECT_VERSION = 1;
				DEVELOPMENT_ASSET_PATHS = "\"BikeFinder/Preview Content\"";
				ENABLE_PREVIEWS = YES;
				GENERATE_INFOPLIST_FILE = YES;
				INFOPLIST_KEY_UIApplicationSceneManifest_Generation = YES;
				INFOPLIST_KEY_UIApplicationSupportsIndirectInputEvents = YES;
				INFOPLIST_KEY_UILaunchScreen_Generation = YES;
				INFOPLIST_KEY_UISupportedInterfaceOrientations_iPad = "UIInterfaceOrientationPortrait UIInterfaceOrientationPortraitUpsideDown UIInterfaceOrientationLandscapeLeft UIInterfaceOrientationLandscapeRight";
				INFOPLIST_KEY_UISupportedInterfaceOrientations_iPhone = "UIInterfaceOrientationPortrait UIInterfaceOrientationLandscapeLeft UIInterfaceOrientationLandscapeRight";
				LD_RUNPATH_SEARCH_PATHS = (
					"$(inherited)",
					"@executable_path/Frameworks",
				);
				MARKETING_VERSION = 1.0;
				PRODUCT_BUNDLE_IDENTIFIER = com.Ju.BikeFinder;
				PRODUCT_NAME = "$(TARGET_NAME)";
				SWIFT_EMIT_LOC_STRINGS = YES;
				SWIFT_VERSION = 5.0;
				TARGETED_DEVICE_FAMILY = "1,2";
			};
			name = Release;
		};
		B42C6C0B2AA7609F00BC9829 /* Debug */ = {
			isa = XCBuildConfiguration;
			buildSettings = {
				ALWAYS_EMBED_SWIFT_STANDARD_LIBRARIES = YES;
				BUNDLE_LOADER = "$(TEST_HOST)";
				CODE_SIGN_STYLE = Automatic;
				CURRENT_PROJECT_VERSION = 1;
				GENERATE_INFOPLIST_FILE = YES;
				IPHONEOS_DEPLOYMENT_TARGET = 16.4;
				MARKETING_VERSION = 1.0;
				PRODUCT_BUNDLE_IDENTIFIER = com.Ju.BikeFinderTests;
				PRODUCT_NAME = "$(TARGET_NAME)";
				SWIFT_EMIT_LOC_STRINGS = NO;
				SWIFT_VERSION = 5.0;
				TARGETED_DEVICE_FAMILY = "1,2";
				TEST_HOST = "$(BUILT_PRODUCTS_DIR)/BikeFinder.app/$(BUNDLE_EXECUTABLE_FOLDER_PATH)/BikeFinder";
			};
			name = Debug;
		};
		B42C6C0C2AA7609F00BC9829 /* Release */ = {
			isa = XCBuildConfiguration;
			buildSettings = {
				ALWAYS_EMBED_SWIFT_STANDARD_LIBRARIES = YES;
				BUNDLE_LOADER = "$(TEST_HOST)";
				CODE_SIGN_STYLE = Automatic;
				CURRENT_PROJECT_VERSION = 1;
				GENERATE_INFOPLIST_FILE = YES;
				IPHONEOS_DEPLOYMENT_TARGET = 16.4;
				MARKETING_VERSION = 1.0;
				PRODUCT_BUNDLE_IDENTIFIER = com.Ju.BikeFinderTests;
				PRODUCT_NAME = "$(TARGET_NAME)";
				SWIFT_EMIT_LOC_STRINGS = NO;
				SWIFT_VERSION = 5.0;
				TARGETED_DEVICE_FAMILY = "1,2";
				TEST_HOST = "$(BUILT_PRODUCTS_DIR)/BikeFinder.app/$(BUNDLE_EXECUTABLE_FOLDER_PATH)/BikeFinder";
			};
			name = Release;
		};
		B42C6C0E2AA7609F00BC9829 /* Debug */ = {
			isa = XCBuildConfiguration;
			buildSettings = {
				ALWAYS_EMBED_SWIFT_STANDARD_LIBRARIES = YES;
				CODE_SIGN_STYLE = Automatic;
				CURRENT_PROJECT_VERSION = 1;
				GENERATE_INFOPLIST_FILE = YES;
				MARKETING_VERSION = 1.0;
				PRODUCT_BUNDLE_IDENTIFIER = com.Ju.BikeFinderUITests;
				PRODUCT_NAME = "$(TARGET_NAME)";
				SWIFT_EMIT_LOC_STRINGS = NO;
				SWIFT_VERSION = 5.0;
				TARGETED_DEVICE_FAMILY = "1,2";
				TEST_TARGET_NAME = BikeFinder;
			};
			name = Debug;
		};
		B42C6C0F2AA7609F00BC9829 /* Release */ = {
			isa = XCBuildConfiguration;
			buildSettings = {
				ALWAYS_EMBED_SWIFT_STANDARD_LIBRARIES = YES;
				CODE_SIGN_STYLE = Automatic;
				CURRENT_PROJECT_VERSION = 1;
				GENERATE_INFOPLIST_FILE = YES;
				MARKETING_VERSION = 1.0;
				PRODUCT_BUNDLE_IDENTIFIER = com.Ju.BikeFinderUITests;
				PRODUCT_NAME = "$(TARGET_NAME)";
				SWIFT_EMIT_LOC_STRINGS = NO;
				SWIFT_VERSION = 5.0;
				TARGETED_DEVICE_FAMILY = "1,2";
				TEST_TARGET_NAME = BikeFinder;
			};
			name = Release;
		};
/* End XCBuildConfiguration section */

/* Begin XCConfigurationList section */
		B42C6BDE2AA7609D00BC9829 /* Build configuration list for PBXProject "BikeFinder" */ = {
			isa = XCConfigurationList;
			buildConfigurations = (
				B42C6C052AA7609F00BC9829 /* Debug */,
				B42C6C062AA7609F00BC9829 /* Release */,
			);
			defaultConfigurationIsVisible = 0;
			defaultConfigurationName = Release;
		};
		B42C6C072AA7609F00BC9829 /* Build configuration list for PBXNativeTarget "BikeFinder" */ = {
			isa = XCConfigurationList;
			buildConfigurations = (
				B42C6C082AA7609F00BC9829 /* Debug */,
				B42C6C092AA7609F00BC9829 /* Release */,
			);
			defaultConfigurationIsVisible = 0;
			defaultConfigurationName = Release;
		};
		B42C6C0A2AA7609F00BC9829 /* Build configuration list for PBXNativeTarget "BikeFinderTests" */ = {
			isa = XCConfigurationList;
			buildConfigurations = (
				B42C6C0B2AA7609F00BC9829 /* Debug */,
				B42C6C0C2AA7609F00BC9829 /* Release */,
			);
			defaultConfigurationIsVisible = 0;
			defaultConfigurationName = Release;
		};
		B42C6C0D2AA7609F00BC9829 /* Build configuration list for PBXNativeTarget "BikeFinderUITests" */ = {
			isa = XCConfigurationList;
			buildConfigurations = (
				B42C6C0E2AA7609F00BC9829 /* Debug */,
				B42C6C0F2AA7609F00BC9829 /* Release */,
			);
			defaultConfigurationIsVisible = 0;
			defaultConfigurationName = Release;
		};
/* End XCConfigurationList section */

/* Begin XCRemoteSwiftPackageReference section */
		B4E5B1B32AA9C3BF0042F48A /* XCRemoteSwiftPackageReference "firebase-ios-sdk" */ = {
			isa = XCRemoteSwiftPackageReference;
			repositoryURL = "https://github.com/firebase/firebase-ios-sdk";
			requirement = {
				kind = upToNextMajorVersion;
				minimumVersion = 10.0.0;
			};
		};
/* End XCRemoteSwiftPackageReference section */

/* Begin XCSwiftPackageProductDependency section */
		B4E5B1B42AA9C3BF0042F48A /* FirebaseAnalytics */ = {
			isa = XCSwiftPackageProductDependency;
			package = B4E5B1B32AA9C3BF0042F48A /* XCRemoteSwiftPackageReference "firebase-ios-sdk" */;
			productName = FirebaseAnalytics;
		};
		B4E5B1B62AA9C3BF0042F48A /* FirebaseAuth */ = {
			isa = XCSwiftPackageProductDependency;
			package = B4E5B1B32AA9C3BF0042F48A /* XCRemoteSwiftPackageReference "firebase-ios-sdk" */;
			productName = FirebaseAuth;
		};
		B4E5B1B82AA9C3BF0042F48A /* FirebaseCrashlytics */ = {
			isa = XCSwiftPackageProductDependency;
			package = B4E5B1B32AA9C3BF0042F48A /* XCRemoteSwiftPackageReference "firebase-ios-sdk" */;
			productName = FirebaseCrashlytics;
		};
		B4E5B1BA2AA9C3BF0042F48A /* FirebaseFirestore */ = {
			isa = XCSwiftPackageProductDependency;
			package = B4E5B1B32AA9C3BF0042F48A /* XCRemoteSwiftPackageReference "firebase-ios-sdk" */;
			productName = FirebaseFirestore;
		};
/* End XCSwiftPackageProductDependency section */
	};
	rootObject = B42C6BDB2AA7609D00BC9829 /* Project object */;
}
